# THIS IS AN AUTOGENERATED FILE. DO NOT EDIT THIS FILE DIRECTLY.
# yarn lockfile v1


"@reduxjs/toolkit@^1.2.5":
  version "1.2.5"
  resolved "https://registry.npm.taobao.org/@reduxjs/toolkit/download/@reduxjs/toolkit-1.2.5.tgz#149aa62da12a18a67a30495cb63fd897003f2272"
  integrity sha1-FJqmLaEqGKZ6MElctj/YlwA/InI=
  dependencies:
    immer "^4.0.1"
    redux "^4.0.0"
    redux-devtools-extension "^2.13.8"
    redux-immutable-state-invariant "^2.1.0"
    redux-thunk "^2.3.0"
    reselect "^4.0.0"

immer@^4.0.1:
  version "4.0.2"
  resolved "https://registry.npm.taobao.org/immer/download/immer-4.0.2.tgz#9ff0fcdf88e06f92618a5978ceecb5884e633559"
  integrity sha1-n/D834jgb5Jhill4zuy1iE5jNVk=

invariant@^2.1.0:
  version "2.2.4"
  resolved "https://registry.npm.taobao.org/invariant/download/invariant-2.2.4.tgz#610f3c92c9359ce1db616e538008d23ff35158e6"
  integrity sha1-YQ88ksk1nOHbYW5TgAjSP/NRWOY=
  dependencies:
    loose-envify "^1.0.0"

"js-tokens@^3.0.0 || ^4.0.0":
  version "4.0.0"
  resolved "https://registry.npm.taobao.org/js-tokens/download/js-tokens-4.0.0.tgz#19203fb59991df98e3a287050d4647cdeaf32499"
  integrity sha1-GSA/tZmR35jjoocFDUZHzerzJJk=

json-stringify-safe@^5.0.1:
  version "5.0.1"
  resolved "https://registry.npm.taobao.org/json-stringify-safe/download/json-stringify-safe-5.0.1.tgz#1296a2d58fd45f19a0f6ce01d65701e2c735b6eb"
  integrity sha1-Epai1Y/UXxmg9s4B1lcB4sc1tus=

loose-envify@^1.0.0, loose-envify@^1.4.0:
  version "1.4.0"
  resolved "https://registry.npm.taobao.org/loose-envify/download/loose-envify-1.4.0.tgz#71ee51fa7be4caec1a63839f7e682d8132d30caf"
  integrity sha1-ce5R+nvkyuwaY4OffmgtgTLTDK8=
  dependencies:
    js-tokens "^3.0.0 || ^4.0.0"

redux-devtools-extension@^2.13.8:
  version "2.13.8"
  resolved "https://registry.npm.taobao.org/redux-devtools-extension/download/redux-devtools-extension-2.13.8.tgz#37b982688626e5e4993ff87220c9bbb7cd2d96e1"
  integrity sha1-N7mCaIYm5eSZP/hyIMm7t80tluE=

redux-immutable-state-invariant@^2.1.0:
  version "2.1.0"
  resolved "https://registry.npm.taobao.org/redux-immutable-state-invariant/download/redux-immutable-state-invariant-2.1.0.tgz#308fd3cc7415a0e7f11f51ec997b6379c7055ce1"
  integrity sha1-MI/TzHQVoOfxH1HsmXtjeccFXOE=
  dependencies:
    invariant "^2.1.0"
    json-stringify-safe "^5.0.1"

redux-thunk@^2.3.0:
  version "2.3.0"
  resolved "https://registry.npm.taobao.org/redux-thunk/download/redux-thunk-2.3.0.tgz#51c2c19a185ed5187aaa9a2d08b666d0d6467622"
  integrity sha1-UcLBmhhe1Rh6qpotCLZm0NZGdiI=

redux@^4.0.0:
  version "4.0.5"
  resolved "https://registry.npm.taobao.org/redux/download/redux-4.0.5.tgz#4db5de5816e17891de8a80c424232d06f051d93f"
  integrity sha1-TbXeWBbheJHeioDEJCMtBvBR2T8=
  dependencies:
    loose-envify "^1.4.0"
    symbol-observable "^1.2.0"

reselect@^4.0.0:
  version "4.0.0"
  resolved "https://registry.npm.taobao.org/reselect/download/reselect-4.0.0.tgz#f2529830e5d3d0e021408b246a206ef4ea4437f7"
  integrity sha1-8lKYMOXT0OAhQIskaiBu9OpEN/c=

symbol-observable@^1.2.0:
  version "1.2.0"
  resolved "https://registry.npm.taobao.org/symbol-observable/download/symbol-observable-1.2.0.tgz#c22688aed4eab3cdc2dfeacbb561660560a00804"
  integrity sha1-wiaIrtTqs83C3+rLtWFmBWCgCAQ=
